
Microsoft Visual Studio Solution File, Format Version 12.00
# Visual Studio Version 16
VisualStudioVersion = 16.0.31424.327
MinimumVisualStudioVersion = 10.0.40219.1
Project("{FAE04EC0-301F-11D3-BF4B-00C04F79EFBC}") = "DemoWebApp", "DemoWebApp\DemoWebApp.csproj", "{EAD233C2-C2F4-4BC3-AA61-EFB308689F50}"
EndProject
Project("{FAE04EC0-301F-11D3-BF4B-00C04F79EFBC}") = "EntityRepositoryLibrary", "PersistanceInterfaceLibrary\EntityRepositoryLibrary.csproj", "{2369A1EE-C397-45B3-ACC2-CF705D540977}"
EndProject
Global
	GlobalSection(SolutionConfigurationPlatforms) = preSolution
		Debug|Any CPU = Debug|Any CPU
		Release|Any CPU = Release|Any CPU
	EndGlobalSection
	GlobalSection(ProjectConfigurationPlatforms) = postSolution
		{EAD233C2-C2F4-4BC3-AA61-EFB308689F50}.Debug|Any CPU.ActiveCfg = Debug|Any CPU
		{EAD233C2-C2F4-4BC3-AA61-EFB308689F50}.Debug|Any CPU.Build.0 = Debug|Any CPU
		{EAD233C2-C2F4-4BC3-AA61-EFB308689F50}.Release|Any CPU.ActiveCfg = Release|Any CPU
		{EAD233C2-C2F4-4BC3-AA61-EFB308689F50}.Release|Any CPU.Build.0 = Release|Any CPU
		{2369A1EE-C397-45B3-ACC2-CF705D540977}.Debug|Any CPU.ActiveCfg = Debug|Any CPU
		{2369A1EE-C397-45B3-ACC2-CF705D540977}.Debug|Any CPU.Build.0 = Debug|Any CPU
		{2369A1EE-C397-45B3-ACC2-CF705D540977}.Release|Any CPU.ActiveCfg = Release|Any CPU
		{2369A1EE-C397-45B3-ACC2-CF705D540977}.Release|Any CPU.Build.0 = Release|Any CPU
	EndGlobalSection
	GlobalSection(SolutionProperties) = preSolution
		HideSolutionNode = FALSE
	EndGlobalSection
	GlobalSection(ExtensibilityGlobals) = postSolution
		SolutionGuid = {DF4092DD-E423-48BB-8D83-0A76F2E8492A}
	EndGlobalSection
EndGlobal
